// !$*UTF8*$!
{
	archiveVersion = 1;
	classes = {
	};
	objectVersion = 48;
	objects = {

/* Begin PBXBuildFile section */
		07C2CC4C1FFFEE6E0015EFD3 /* ResourceViewNode.swift in Sources */ = {isa = PBXBuildFile; fileRef = 07C2CC4B1FFFEE6E0015EFD3 /* ResourceViewNode.swift */; };
		07C2CC4E1FFFFEC60015EFD3 /* ResourceViewPower.swift in Sources */ = {isa = PBXBuildFile; fileRef = 07C2CC4D1FFFFEC60015EFD3 /* ResourceViewPower.swift */; };
		07C2CC51200013C50015EFD3 /* ResourceViewMinerals.swift in Sources */ = {isa = PBXBuildFile; fileRef = 07C2CC50200013C50015EFD3 /* ResourceViewMinerals.swift */; };
		07D9DE031FFF621300D973BA /* ConstructionItem.swift in Sources */ = {isa = PBXBuildFile; fileRef = 07D9DE021FFF621200D973BA /* ConstructionItem.swift */; };
		3E51B8552BCA4D0D27DC1FB5 /* Pods_ShapeFrontier2DUITests.framework in Frameworks */ = {isa = PBXBuildFile; fileRef = 43370460BFAF11501C3F48B2 /* Pods_ShapeFrontier2DUITests.framework */; };
		B51D8AFB203B7DEA000959B6 /* InfoViewNode.swift in Sources */ = {isa = PBXBuildFile; fileRef = B51D8AFA203B7DEA000959B6 /* InfoViewNode.swift */; };
		B51D8AFE203B9E06000959B6 /* UI_SliderButton.swift in Sources */ = {isa = PBXBuildFile; fileRef = B51D8AFC203B9E05000959B6 /* UI_SliderButton.swift */; };
		B51D8AFF203B9E06000959B6 /* UI_Button.swift in Sources */ = {isa = PBXBuildFile; fileRef = B51D8AFD203B9E06000959B6 /* UI_Button.swift */; };
		B51FBC28204B2B46001BFFB4 /* EnemyManager.swift in Sources */ = {isa = PBXBuildFile; fileRef = B51FBC27204B2B46001BFFB4 /* EnemyManager.swift */; };
		B51FBC6A204B30F4001BFFB4 /* GenericEnemy.swift in Sources */ = {isa = PBXBuildFile; fileRef = B51FBC69204B30F4001BFFB4 /* GenericEnemy.swift */; };
		B51FBC6C204B3ADE001BFFB4 /* Menu Ambience1.mp3 in Resources */ = {isa = PBXBuildFile; fileRef = B51FBC6B204B3ADE001BFFB4 /* Menu Ambience1.mp3 */; };
		B51FBC70204B7D00001BFFB4 /* SpriteComponent.swift in Sources */ = {isa = PBXBuildFile; fileRef = B51FBC6F204B7D00001BFFB4 /* SpriteComponent.swift */; };
		B51FBC72204B81F5001BFFB4 /* EntityManager.swift in Sources */ = {isa = PBXBuildFile; fileRef = B51FBC71204B81F5001BFFB4 /* EntityManager.swift */; };
		B51FBC74204B824C001BFFB4 /* MoveComponent.swift in Sources */ = {isa = PBXBuildFile; fileRef = B51FBC73204B824C001BFFB4 /* MoveComponent.swift */; };
		B51FBC76204B838F001BFFB4 /* HealthComponent.swift in Sources */ = {isa = PBXBuildFile; fileRef = B51FBC75204B838F001BFFB4 /* HealthComponent.swift */; };
		B51FBC79204B8597001BFFB4 /* TeamComponent.swift in Sources */ = {isa = PBXBuildFile; fileRef = B51FBC78204B8597001BFFB4 /* TeamComponent.swift */; };
		B51FBC7B204B89F3001BFFB4 /* StructureSizes.swift in Sources */ = {isa = PBXBuildFile; fileRef = B51FBC7A204B89F3001BFFB4 /* StructureSizes.swift */; };
		B51FBC82204BB87A001BFFB4 /* MoveBehavior.swift in Sources */ = {isa = PBXBuildFile; fileRef = B51FBC81204BB879001BFFB4 /* MoveBehavior.swift */; };
		B5321F412054AC8800C7580B /* GameScene_Construction.swift in Sources */ = {isa = PBXBuildFile; fileRef = B5321F402054AC8800C7580B /* GameScene_Construction.swift */; };
		B5321F432054AC9700C7580B /* GameScene_Power.swift in Sources */ = {isa = PBXBuildFile; fileRef = B5321F422054AC9700C7580B /* GameScene_Power.swift */; };
		B5321F452054ADA000C7580B /* GameScene_Structs.swift in Sources */ = {isa = PBXBuildFile; fileRef = B5321F442054ADA000C7580B /* GameScene_Structs.swift */; };
		B5321F472054B02D00C7580B /* PlayerComponent.swift in Sources */ = {isa = PBXBuildFile; fileRef = B5321F462054B02D00C7580B /* PlayerComponent.swift */; };
		B5546E28204B112300E3DC68 /* SoundHandler_BackgroundMusic.swift in Sources */ = {isa = PBXBuildFile; fileRef = B5546E26204B112300E3DC68 /* SoundHandler_BackgroundMusic.swift */; };
		B5546E29204B112300E3DC68 /* SoundHandler.swift in Sources */ = {isa = PBXBuildFile; fileRef = B5546E27204B112300E3DC68 /* SoundHandler.swift */; };
		B5546E2D204B135400E3DC68 /* Dying Angel.wav in Resources */ = {isa = PBXBuildFile; fileRef = B5546E2C204B135400E3DC68 /* Dying Angel.wav */; };
		B56DC728202F7476002F21E2 /* PlayerHUDExt_Decor.swift in Sources */ = {isa = PBXBuildFile; fileRef = B56DC727202F7476002F21E2 /* PlayerHUDExt_Decor.swift */; };
		B56DC72A202FB37C002F21E2 /* Laser.swift in Sources */ = {isa = PBXBuildFile; fileRef = B56DC729202FB37C002F21E2 /* Laser.swift */; };
		B58501781FFF1018009C2F65 /* AppDelegate.swift in Sources */ = {isa = PBXBuildFile; fileRef = B58501771FFF1018009C2F65 /* AppDelegate.swift */; };
		B585017E1FFF1018009C2F65 /* GameScene.swift in Sources */ = {isa = PBXBuildFile; fileRef = B585017D1FFF1018009C2F65 /* GameScene.swift */; };
		B58501801FFF1018009C2F65 /* GameViewController.swift in Sources */ = {isa = PBXBuildFile; fileRef = B585017F1FFF1018009C2F65 /* GameViewController.swift */; };
		B58501831FFF1018009C2F65 /* Main.storyboard in Resources */ = {isa = PBXBuildFile; fileRef = B58501811FFF1018009C2F65 /* Main.storyboard */; };
		B58501851FFF1018009C2F65 /* Assets.xcassets in Resources */ = {isa = PBXBuildFile; fileRef = B58501841FFF1018009C2F65 /* Assets.xcassets */; };
		B58501881FFF1018009C2F65 /* LaunchScreen.storyboard in Resources */ = {isa = PBXBuildFile; fileRef = B58501861FFF1018009C2F65 /* LaunchScreen.storyboard */; };
		B58501931FFF1018009C2F65 /* ShapeFrontier2DTests.swift in Sources */ = {isa = PBXBuildFile; fileRef = B58501921FFF1018009C2F65 /* ShapeFrontier2DTests.swift */; };
		B585019E1FFF1018009C2F65 /* ShapeFrontier2DUITests.swift in Sources */ = {isa = PBXBuildFile; fileRef = B585019D1FFF1018009C2F65 /* ShapeFrontier2DUITests.swift */; };
		B58501AE1FFF1435009C2F65 /* PlayerHUDExt_Buttons.swift in Sources */ = {isa = PBXBuildFile; fileRef = B58501AC1FFF1435009C2F65 /* PlayerHUDExt_Buttons.swift */; };
		B58501AF1FFF1435009C2F65 /* PlayerHUD.swift in Sources */ = {isa = PBXBuildFile; fileRef = B58501AD1FFF1435009C2F65 /* PlayerHUD.swift */; };
		B58501B11FFF1440009C2F65 /* UIHandler.swift in Sources */ = {isa = PBXBuildFile; fileRef = B58501B01FFF1440009C2F65 /* UIHandler.swift */; };
		B58501B71FFF1C9A009C2F65 /* Asteroid.swift in Sources */ = {isa = PBXBuildFile; fileRef = B58501B61FFF1C9A009C2F65 /* Asteroid.swift */; };
		B58501B81FFF1C9A009C2F65 /* Asteroid.swift in Sources */ = {isa = PBXBuildFile; fileRef = B58501B61FFF1C9A009C2F65 /* Asteroid.swift */; };
		B58501B91FFF1C9A009C2F65 /* Asteroid.swift in Sources */ = {isa = PBXBuildFile; fileRef = B58501B61FFF1C9A009C2F65 /* Asteroid.swift */; };
		B58501BC1FFF1CE8009C2F65 /* AsteroidSmall.swift in Sources */ = {isa = PBXBuildFile; fileRef = B58501BB1FFF1CE8009C2F65 /* AsteroidSmall.swift */; };
		B58501BD1FFF1CE8009C2F65 /* AsteroidSmall.swift in Sources */ = {isa = PBXBuildFile; fileRef = B58501BB1FFF1CE8009C2F65 /* AsteroidSmall.swift */; };
		B58501BE1FFF1CE8009C2F65 /* AsteroidSmall.swift in Sources */ = {isa = PBXBuildFile; fileRef = B58501BB1FFF1CE8009C2F65 /* AsteroidSmall.swift */; };
		B58501C01FFF1D05009C2F65 /* AsteroidBig.swift in Sources */ = {isa = PBXBuildFile; fileRef = B58501BF1FFF1D05009C2F65 /* AsteroidBig.swift */; };
		B58501C11FFF1D05009C2F65 /* AsteroidBig.swift in Sources */ = {isa = PBXBuildFile; fileRef = B58501BF1FFF1D05009C2F65 /* AsteroidBig.swift */; };
		B58501C21FFF1D05009C2F65 /* AsteroidBig.swift in Sources */ = {isa = PBXBuildFile; fileRef = B58501BF1FFF1D05009C2F65 /* AsteroidBig.swift */; };
		B58501C51FFF1DCF009C2F65 /* AsteroidManager.swift in Sources */ = {isa = PBXBuildFile; fileRef = B58501C41FFF1DCF009C2F65 /* AsteroidManager.swift */; };
		B58501C61FFF1DCF009C2F65 /* AsteroidManager.swift in Sources */ = {isa = PBXBuildFile; fileRef = B58501C41FFF1DCF009C2F65 /* AsteroidManager.swift */; };
		B58501C71FFF1DCF009C2F65 /* AsteroidManager.swift in Sources */ = {isa = PBXBuildFile; fileRef = B58501C41FFF1DCF009C2F65 /* AsteroidManager.swift */; };
		B58501CA1FFF453B009C2F65 /* UsefulFunctions.swift in Sources */ = {isa = PBXBuildFile; fileRef = B58501C91FFF453B009C2F65 /* UsefulFunctions.swift */; };
		B58501CD1FFF4612009C2F65 /* Structure.swift in Sources */ = {isa = PBXBuildFile; fileRef = B58501CC1FFF4612009C2F65 /* Structure.swift */; };
		B58501CF1FFF4F6C009C2F65 /* Reactor.swift in Sources */ = {isa = PBXBuildFile; fileRef = B58501CE1FFF4F6C009C2F65 /* Reactor.swift */; };
		B58501D11FFF62E2009C2F65 /* AsteroidMedium.swift in Sources */ = {isa = PBXBuildFile; fileRef = B58501D01FFF62E2009C2F65 /* AsteroidMedium.swift */; };
		B58501D31FFF6932009C2F65 /* Miner.swift in Sources */ = {isa = PBXBuildFile; fileRef = B58501D21FFF6932009C2F65 /* Miner.swift */; };
		B58501D51FFF6CE0009C2F65 /* Node.swift in Sources */ = {isa = PBXBuildFile; fileRef = B58501D41FFF6CE0009C2F65 /* Node.swift */; };
		B58501D71FFF79BD009C2F65 /* MissileCannon.swift in Sources */ = {isa = PBXBuildFile; fileRef = B58501D61FFF79BD009C2F65 /* MissileCannon.swift */; };
		B58501D91FFF7A44009C2F65 /* PulseLaser.swift in Sources */ = {isa = PBXBuildFile; fileRef = B58501D81FFF7A44009C2F65 /* PulseLaser.swift */; };
		B58501DB1FFF7A5F009C2F65 /* Turret.swift in Sources */ = {isa = PBXBuildFile; fileRef = B58501DA1FFF7A5F009C2F65 /* Turret.swift */; };
		B58501DD1FFFD1FA009C2F65 /* TextureManager.swift in Sources */ = {isa = PBXBuildFile; fileRef = B58501DC1FFFD1FA009C2F65 /* TextureManager.swift */; };
		B58501DF1FFFE7A0009C2F65 /* ConstructionViewNode.swift in Sources */ = {isa = PBXBuildFile; fileRef = B58501DE1FFFE7A0009C2F65 /* ConstructionViewNode.swift */; };
		B58501E1200033FB009C2F65 /* Supplier.swift in Sources */ = {isa = PBXBuildFile; fileRef = B58501E0200033FB009C2F65 /* Supplier.swift */; };
		B58501E32000397A009C2F65 /* PowerLine.swift in Sources */ = {isa = PBXBuildFile; fileRef = B58501E22000397A009C2F65 /* PowerLine.swift */; };
		B5F900E92054FEF5004705F8 /* ObstructionComponent.swift in Sources */ = {isa = PBXBuildFile; fileRef = B5F900E82054FEF5004705F8 /* ObstructionComponent.swift */; };
		ED9182E23A44DACA0E4F769C /* Pods_ShapeFrontier2D.framework in Frameworks */ = {isa = PBXBuildFile; fileRef = 935DC48821C8AAF5E0732203 /* Pods_ShapeFrontier2D.framework */; };
		F5D04B474599FB60BF3BB1FA /* Pods_ShapeFrontier2DTests.framework in Frameworks */ = {isa = PBXBuildFile; fileRef = 4BA53BB2FBF2E1658576D4C1 /* Pods_ShapeFrontier2DTests.framework */; };
/* End PBXBuildFile section */

/* Begin PBXContainerItemProxy section */
		B585018F1FFF1018009C2F65 /* PBXContainerItemProxy */ = {
			isa = PBXContainerItemProxy;
			containerPortal = B585016C1FFF1018009C2F65 /* Project object */;
			proxyType = 1;
			remoteGlobalIDString = B58501731FFF1018009C2F65;
			remoteInfo = ShapeFrontier2D;
		};
		B585019A1FFF1018009C2F65 /* PBXContainerItemProxy */ = {
			isa = PBXContainerItemProxy;
			containerPortal = B585016C1FFF1018009C2F65 /* Project object */;
			proxyType = 1;
			remoteGlobalIDString = B58501731FFF1018009C2F65;
			remoteInfo = ShapeFrontier2D;
		};
/* End PBXContainerItemProxy section */

/* Begin PBXFileReference section */
		07C2CC4B1FFFEE6E0015EFD3 /* ResourceViewNode.swift */ = {isa = PBXFileReference; lastKnownFileType = sourcecode.swift; path = ResourceViewNode.swift; sourceTree = "<group>"; };
		07C2CC4D1FFFFEC60015EFD3 /* ResourceViewPower.swift */ = {isa = PBXFileReference; lastKnownFileType = sourcecode.swift; path = ResourceViewPower.swift; sourceTree = "<group>"; };
		07C2CC50200013C50015EFD3 /* ResourceViewMinerals.swift */ = {isa = PBXFileReference; lastKnownFileType = sourcecode.swift; path = ResourceViewMinerals.swift; sourceTree = "<group>"; };
		07D9DE021FFF621200D973BA /* ConstructionItem.swift */ = {isa = PBXFileReference; fileEncoding = 4; lastKnownFileType = sourcecode.swift; path = ConstructionItem.swift; sourceTree = "<group>"; };
		35F15813B3CD4E6D834DF659 /* Pods-ShapeFrontier2DTests.release.xcconfig */ = {isa = PBXFileReference; includeInIndex = 1; lastKnownFileType = text.xcconfig; name = "Pods-ShapeFrontier2DTests.release.xcconfig"; path = "Pods/Target Support Files/Pods-ShapeFrontier2DTests/Pods-ShapeFrontier2DTests.release.xcconfig"; sourceTree = "<group>"; };
		43370460BFAF11501C3F48B2 /* Pods_ShapeFrontier2DUITests.framework */ = {isa = PBXFileReference; explicitFileType = wrapper.framework; includeInIndex = 0; path = Pods_ShapeFrontier2DUITests.framework; sourceTree = BUILT_PRODUCTS_DIR; };
		4BA53BB2FBF2E1658576D4C1 /* Pods_ShapeFrontier2DTests.framework */ = {isa = PBXFileReference; explicitFileType = wrapper.framework; includeInIndex = 0; path = Pods_ShapeFrontier2DTests.framework; sourceTree = BUILT_PRODUCTS_DIR; };
		740EF0DF7A3B0E10EADB72B0 /* Pods-ShapeFrontier2DUITests.release.xcconfig */ = {isa = PBXFileReference; includeInIndex = 1; lastKnownFileType = text.xcconfig; name = "Pods-ShapeFrontier2DUITests.release.xcconfig"; path = "Pods/Target Support Files/Pods-ShapeFrontier2DUITests/Pods-ShapeFrontier2DUITests.release.xcconfig"; sourceTree = "<group>"; };
		7E51DAEF21EC438F1B90F833 /* Pods-ShapeFrontier2DUITests.debug.xcconfig */ = {isa = PBXFileReference; includeInIndex = 1; lastKnownFileType = text.xcconfig; name = "Pods-ShapeFrontier2DUITests.debug.xcconfig"; path = "Pods/Target Support Files/Pods-ShapeFrontier2DUITests/Pods-ShapeFrontier2DUITests.debug.xcconfig"; sourceTree = "<group>"; };
		8574490085407833AE3396D8 /* Pods-ShapeFrontier2D.release.xcconfig */ = {isa = PBXFileReference; includeInIndex = 1; lastKnownFileType = text.xcconfig; name = "Pods-ShapeFrontier2D.release.xcconfig"; path = "Pods/Target Support Files/Pods-ShapeFrontier2D/Pods-ShapeFrontier2D.release.xcconfig"; sourceTree = "<group>"; };
		935DC48821C8AAF5E0732203 /* Pods_ShapeFrontier2D.framework */ = {isa = PBXFileReference; explicitFileType = wrapper.framework; includeInIndex = 0; path = Pods_ShapeFrontier2D.framework; sourceTree = BUILT_PRODUCTS_DIR; };
		B51D8AFA203B7DEA000959B6 /* InfoViewNode.swift */ = {isa = PBXFileReference; lastKnownFileType = sourcecode.swift; path = InfoViewNode.swift; sourceTree = "<group>"; };
		B51D8AFC203B9E05000959B6 /* UI_SliderButton.swift */ = {isa = PBXFileReference; fileEncoding = 4; lastKnownFileType = sourcecode.swift; path = UI_SliderButton.swift; sourceTree = "<group>"; };
		B51D8AFD203B9E06000959B6 /* UI_Button.swift */ = {isa = PBXFileReference; fileEncoding = 4; lastKnownFileType = sourcecode.swift; path = UI_Button.swift; sourceTree = "<group>"; };
		B51FBC27204B2B46001BFFB4 /* EnemyManager.swift */ = {isa = PBXFileReference; lastKnownFileType = sourcecode.swift; path = EnemyManager.swift; sourceTree = "<group>"; };
		B51FBC69204B30F4001BFFB4 /* GenericEnemy.swift */ = {isa = PBXFileReference; lastKnownFileType = sourcecode.swift; path = GenericEnemy.swift; sourceTree = "<group>"; };
		B51FBC6B204B3ADE001BFFB4 /* Menu Ambience1.mp3 */ = {isa = PBXFileReference; lastKnownFileType = audio.mp3; path = "Menu Ambience1.mp3"; sourceTree = "<group>"; };
		B51FBC6F204B7D00001BFFB4 /* SpriteComponent.swift */ = {isa = PBXFileReference; fileEncoding = 4; lastKnownFileType = sourcecode.swift; path = SpriteComponent.swift; sourceTree = "<group>"; };
		B51FBC71204B81F5001BFFB4 /* EntityManager.swift */ = {isa = PBXFileReference; lastKnownFileType = sourcecode.swift; path = EntityManager.swift; sourceTree = "<group>"; };
		B51FBC73204B824C001BFFB4 /* MoveComponent.swift */ = {isa = PBXFileReference; fileEncoding = 4; lastKnownFileType = sourcecode.swift; path = MoveComponent.swift; sourceTree = "<group>"; };
		B51FBC75204B838F001BFFB4 /* HealthComponent.swift */ = {isa = PBXFileReference; fileEncoding = 4; lastKnownFileType = sourcecode.swift; path = HealthComponent.swift; sourceTree = "<group>"; };
		B51FBC78204B8597001BFFB4 /* TeamComponent.swift */ = {isa = PBXFileReference; fileEncoding = 4; lastKnownFileType = sourcecode.swift; path = TeamComponent.swift; sourceTree = "<group>"; };
		B51FBC7A204B89F3001BFFB4 /* StructureSizes.swift */ = {isa = PBXFileReference; lastKnownFileType = sourcecode.swift; path = StructureSizes.swift; sourceTree = "<group>"; };
		B51FBC81204BB879001BFFB4 /* MoveBehavior.swift */ = {isa = PBXFileReference; fileEncoding = 4; lastKnownFileType = sourcecode.swift; path = MoveBehavior.swift; sourceTree = "<group>"; };
		B5321F402054AC8800C7580B /* GameScene_Construction.swift */ = {isa = PBXFileReference; lastKnownFileType = sourcecode.swift; path = GameScene_Construction.swift; sourceTree = "<group>"; };
		B5321F422054AC9700C7580B /* GameScene_Power.swift */ = {isa = PBXFileReference; lastKnownFileType = sourcecode.swift; path = GameScene_Power.swift; sourceTree = "<group>"; };
		B5321F442054ADA000C7580B /* GameScene_Structs.swift */ = {isa = PBXFileReference; lastKnownFileType = sourcecode.swift; path = GameScene_Structs.swift; sourceTree = "<group>"; };
		B5321F462054B02D00C7580B /* PlayerComponent.swift */ = {isa = PBXFileReference; lastKnownFileType = sourcecode.swift; path = PlayerComponent.swift; sourceTree = "<group>"; };
		B5546E26204B112300E3DC68 /* SoundHandler_BackgroundMusic.swift */ = {isa = PBXFileReference; fileEncoding = 4; lastKnownFileType = sourcecode.swift; path = SoundHandler_BackgroundMusic.swift; sourceTree = "<group>"; };
		B5546E27204B112300E3DC68 /* SoundHandler.swift */ = {isa = PBXFileReference; fileEncoding = 4; lastKnownFileType = sourcecode.swift; path = SoundHandler.swift; sourceTree = "<group>"; };
		B5546E2C204B135400E3DC68 /* Dying Angel.wav */ = {isa = PBXFileReference; lastKnownFileType = audio.wav; path = "Dying Angel.wav"; sourceTree = "<group>"; };
		B56DC727202F7476002F21E2 /* PlayerHUDExt_Decor.swift */ = {isa = PBXFileReference; lastKnownFileType = sourcecode.swift; path = PlayerHUDExt_Decor.swift; sourceTree = "<group>"; };
		B56DC729202FB37C002F21E2 /* Laser.swift */ = {isa = PBXFileReference; lastKnownFileType = sourcecode.swift; path = Laser.swift; sourceTree = "<group>"; };
		B58501741FFF1018009C2F65 /* ShapeFrontier2D.app */ = {isa = PBXFileReference; explicitFileType = wrapper.application; includeInIndex = 0; path = ShapeFrontier2D.app; sourceTree = BUILT_PRODUCTS_DIR; };
		B58501771FFF1018009C2F65 /* AppDelegate.swift */ = {isa = PBXFileReference; lastKnownFileType = sourcecode.swift; path = AppDelegate.swift; sourceTree = "<group>"; };
		B585017D1FFF1018009C2F65 /* GameScene.swift */ = {isa = PBXFileReference; lastKnownFileType = sourcecode.swift; path = GameScene.swift; sourceTree = "<group>"; };
		B585017F1FFF1018009C2F65 /* GameViewController.swift */ = {isa = PBXFileReference; lastKnownFileType = sourcecode.swift; path = GameViewController.swift; sourceTree = "<group>"; };
		B58501821FFF1018009C2F65 /* Base */ = {isa = PBXFileReference; lastKnownFileType = file.storyboard; name = Base; path = Base.lproj/Main.storyboard; sourceTree = "<group>"; };
		B58501841FFF1018009C2F65 /* Assets.xcassets */ = {isa = PBXFileReference; lastKnownFileType = folder.assetcatalog; path = Assets.xcassets; sourceTree = "<group>"; };
		B58501871FFF1018009C2F65 /* Base */ = {isa = PBXFileReference; lastKnownFileType = file.storyboard; name = Base; path = Base.lproj/LaunchScreen.storyboard; sourceTree = "<group>"; };
		B58501891FFF1018009C2F65 /* Info.plist */ = {isa = PBXFileReference; lastKnownFileType = text.plist.xml; path = Info.plist; sourceTree = "<group>"; };
		B585018E1FFF1018009C2F65 /* ShapeFrontier2DTests.xctest */ = {isa = PBXFileReference; explicitFileType = wrapper.cfbundle; includeInIndex = 0; path = ShapeFrontier2DTests.xctest; sourceTree = BUILT_PRODUCTS_DIR; };
		B58501921FFF1018009C2F65 /* ShapeFrontier2DTests.swift */ = {isa = PBXFileReference; lastKnownFileType = sourcecode.swift; path = ShapeFrontier2DTests.swift; sourceTree = "<group>"; };
		B58501941FFF1018009C2F65 /* Info.plist */ = {isa = PBXFileReference; lastKnownFileType = text.plist.xml; path = Info.plist; sourceTree = "<group>"; };
		B58501991FFF1018009C2F65 /* ShapeFrontier2DUITests.xctest */ = {isa = PBXFileReference; explicitFileType = wrapper.cfbundle; includeInIndex = 0; path = ShapeFrontier2DUITests.xctest; sourceTree = BUILT_PRODUCTS_DIR; };
		B585019D1FFF1018009C2F65 /* ShapeFrontier2DUITests.swift */ = {isa = PBXFileReference; lastKnownFileType = sourcecode.swift; path = ShapeFrontier2DUITests.swift; sourceTree = "<group>"; };
		B585019F1FFF1018009C2F65 /* Info.plist */ = {isa = PBXFileReference; lastKnownFileType = text.plist.xml; path = Info.plist; sourceTree = "<group>"; };
		B58501AC1FFF1435009C2F65 /* PlayerHUDExt_Buttons.swift */ = {isa = PBXFileReference; fileEncoding = 4; lastKnownFileType = sourcecode.swift; path = PlayerHUDExt_Buttons.swift; sourceTree = "<group>"; };
		B58501AD1FFF1435009C2F65 /* PlayerHUD.swift */ = {isa = PBXFileReference; fileEncoding = 4; lastKnownFileType = sourcecode.swift; path = PlayerHUD.swift; sourceTree = "<group>"; };
		B58501B01FFF1440009C2F65 /* UIHandler.swift */ = {isa = PBXFileReference; fileEncoding = 4; lastKnownFileType = sourcecode.swift; path = UIHandler.swift; sourceTree = "<group>"; };
		B58501B61FFF1C9A009C2F65 /* Asteroid.swift */ = {isa = PBXFileReference; lastKnownFileType = sourcecode.swift; path = Asteroid.swift; sourceTree = "<group>"; };
		B58501BB1FFF1CE8009C2F65 /* AsteroidSmall.swift */ = {isa = PBXFileReference; lastKnownFileType = sourcecode.swift; path = AsteroidSmall.swift; sourceTree = "<group>"; };
		B58501BF1FFF1D05009C2F65 /* AsteroidBig.swift */ = {isa = PBXFileReference; lastKnownFileType = sourcecode.swift; path = AsteroidBig.swift; sourceTree = "<group>"; };
		B58501C41FFF1DCF009C2F65 /* AsteroidManager.swift */ = {isa = PBXFileReference; lastKnownFileType = sourcecode.swift; path = AsteroidManager.swift; sourceTree = "<group>"; };
		B58501C91FFF453B009C2F65 /* UsefulFunctions.swift */ = {isa = PBXFileReference; lastKnownFileType = sourcecode.swift; path = UsefulFunctions.swift; sourceTree = "<group>"; };
		B58501CC1FFF4612009C2F65 /* Structure.swift */ = {isa = PBXFileReference; lastKnownFileType = sourcecode.swift; path = Structure.swift; sourceTree = "<group>"; };
		B58501CE1FFF4F6C009C2F65 /* Reactor.swift */ = {isa = PBXFileReference; lastKnownFileType = sourcecode.swift; path = Reactor.swift; sourceTree = "<group>"; };
		B58501D01FFF62E2009C2F65 /* AsteroidMedium.swift */ = {isa = PBXFileReference; lastKnownFileType = sourcecode.swift; path = AsteroidMedium.swift; sourceTree = "<group>"; };
		B58501D21FFF6932009C2F65 /* Miner.swift */ = {isa = PBXFileReference; lastKnownFileType = sourcecode.swift; path = Miner.swift; sourceTree = "<group>"; };
		B58501D41FFF6CE0009C2F65 /* Node.swift */ = {isa = PBXFileReference; lastKnownFileType = sourcecode.swift; path = Node.swift; sourceTree = "<group>"; };
		B58501D61FFF79BD009C2F65 /* MissileCannon.swift */ = {isa = PBXFileReference; lastKnownFileType = sourcecode.swift; path = MissileCannon.swift; sourceTree = "<group>"; };
		B58501D81FFF7A44009C2F65 /* PulseLaser.swift */ = {isa = PBXFileReference; lastKnownFileType = sourcecode.swift; path = PulseLaser.swift; sourceTree = "<group>"; };
		B58501DA1FFF7A5F009C2F65 /* Turret.swift */ = {isa = PBXFileReference; lastKnownFileType = sourcecode.swift; path = Turret.swift; sourceTree = "<group>"; };
		B58501DC1FFFD1FA009C2F65 /* TextureManager.swift */ = {isa = PBXFileReference; lastKnownFileType = sourcecode.swift; path = TextureManager.swift; sourceTree = "<group>"; };
		B58501DE1FFFE7A0009C2F65 /* ConstructionViewNode.swift */ = {isa = PBXFileReference; lastKnownFileType = sourcecode.swift; path = ConstructionViewNode.swift; sourceTree = "<group>"; };
		B58501E0200033FB009C2F65 /* Supplier.swift */ = {isa = PBXFileReference; lastKnownFileType = sourcecode.swift; path = Supplier.swift; sourceTree = "<group>"; };
		B58501E22000397A009C2F65 /* PowerLine.swift */ = {isa = PBXFileReference; lastKnownFileType = sourcecode.swift; path = PowerLine.swift; sourceTree = "<group>"; };
		B5F900E82054FEF5004705F8 /* ObstructionComponent.swift */ = {isa = PBXFileReference; lastKnownFileType = sourcecode.swift; path = ObstructionComponent.swift; sourceTree = "<group>"; };
		CA5A2AECA7A7BA6BA00E1F16 /* Pods-ShapeFrontier2D.debug.xcconfig */ = {isa = PBXFileReference; includeInIndex = 1; lastKnownFileType = text.xcconfig; name = "Pods-ShapeFrontier2D.debug.xcconfig"; path = "Pods/Target Support Files/Pods-ShapeFrontier2D/Pods-ShapeFrontier2D.debug.xcconfig"; sourceTree = "<group>"; };
		FE1F563E7BE2189287ECCB76 /* Pods-ShapeFrontier2DTests.debug.xcconfig */ = {isa = PBXFileReference; includeInIndex = 1; lastKnownFileType = text.xcconfig; name = "Pods-ShapeFrontier2DTests.debug.xcconfig"; path = "Pods/Target Support Files/Pods-ShapeFrontier2DTests/Pods-ShapeFrontier2DTests.debug.xcconfig"; sourceTree = "<group>"; };
/* End PBXFileReference section */

/* Begin PBXFrameworksBuildPhase section */
		B58501711FFF1018009C2F65 /* Frameworks */ = {
			isa = PBXFrameworksBuildPhase;
			buildActionMask = 2147483647;
			files = (
				ED9182E23A44DACA0E4F769C /* Pods_ShapeFrontier2D.framework in Frameworks */,
			);
			runOnlyForDeploymentPostprocessing = 0;
		};
		B585018B1FFF1018009C2F65 /* Frameworks */ = {
			isa = PBXFrameworksBuildPhase;
			buildActionMask = 2147483647;
			files = (
				F5D04B474599FB60BF3BB1FA /* Pods_ShapeFrontier2DTests.framework in Frameworks */,
			);
			runOnlyForDeploymentPostprocessing = 0;
		};
		B58501961FFF1018009C2F65 /* Frameworks */ = {
			isa = PBXFrameworksBuildPhase;
			buildActionMask = 2147483647;
			files = (
				3E51B8552BCA4D0D27DC1FB5 /* Pods_ShapeFrontier2DUITests.framework in Frameworks */,
			);
			runOnlyForDeploymentPostprocessing = 0;
		};
/* End PBXFrameworksBuildPhase section */

/* Begin PBXGroup section */
		124E5B6409BB2497B70FDF7D /* Frameworks */ = {
			isa = PBXGroup;
			children = (
				935DC48821C8AAF5E0732203 /* Pods_ShapeFrontier2D.framework */,
				4BA53BB2FBF2E1658576D4C1 /* Pods_ShapeFrontier2DTests.framework */,
				43370460BFAF11501C3F48B2 /* Pods_ShapeFrontier2DUITests.framework */,
			);
			name = Frameworks;
			sourceTree = "<group>";
		};
		A893C8C2E565774D69D2CB05 /* Pods */ = {
			isa = PBXGroup;
			children = (
				CA5A2AECA7A7BA6BA00E1F16 /* Pods-ShapeFrontier2D.debug.xcconfig */,
				8574490085407833AE3396D8 /* Pods-ShapeFrontier2D.release.xcconfig */,
				FE1F563E7BE2189287ECCB76 /* Pods-ShapeFrontier2DTests.debug.xcconfig */,
				35F15813B3CD4E6D834DF659 /* Pods-ShapeFrontier2DTests.release.xcconfig */,
				7E51DAEF21EC438F1B90F833 /* Pods-ShapeFrontier2DUITests.debug.xcconfig */,
				740EF0DF7A3B0E10EADB72B0 /* Pods-ShapeFrontier2DUITests.release.xcconfig */,
			);
			name = Pods;
			sourceTree = "<group>";
		};
		B51D8AF8203B7A9E000959B6 /* ConstructionVIewNode */ = {
			isa = PBXGroup;
			children = (
				B58501DE1FFFE7A0009C2F65 /* ConstructionViewNode.swift */,
				07D9DE021FFF621200D973BA /* ConstructionItem.swift */,
			);
			path = ConstructionVIewNode;
			sourceTree = "<group>";
		};
		B51D8AF9203B7AC3000959B6 /* InfoViewNode */ = {
			isa = PBXGroup;
			children = (
				B51D8AFA203B7DEA000959B6 /* InfoViewNode.swift */,
			);
			path = InfoViewNode;
			sourceTree = "<group>";
		};
		B51FBC26204B2B35001BFFB4 /* Enemies */ = {
			isa = PBXGroup;
			children = (
				B51FBC27204B2B46001BFFB4 /* EnemyManager.swift */,
				B51FBC69204B30F4001BFFB4 /* GenericEnemy.swift */,
			);
			path = Enemies;
			sourceTree = "<group>";
		};
		B51FBC77204B8395001BFFB4 /* Components */ = {
			isa = PBXGroup;
			children = (
				B51FBC81204BB879001BFFB4 /* MoveBehavior.swift */,
				B51FBC6F204B7D00001BFFB4 /* SpriteComponent.swift */,
				B5321F462054B02D00C7580B /* PlayerComponent.swift */,
				B51FBC78204B8597001BFFB4 /* TeamComponent.swift */,
				B51FBC73204B824C001BFFB4 /* MoveComponent.swift */,
				B51FBC75204B838F001BFFB4 /* HealthComponent.swift */,
				B5F900E82054FEF5004705F8 /* ObstructionComponent.swift */,
			);
			path = Components;
			sourceTree = "<group>";
		};
		B5321F3F2054AC7500C7580B /* GameScene_Extensions */ = {
			isa = PBXGroup;
			children = (
				B5321F402054AC8800C7580B /* GameScene_Construction.swift */,
				B5321F422054AC9700C7580B /* GameScene_Power.swift */,
				B5321F442054ADA000C7580B /* GameScene_Structs.swift */,
			);
			path = GameScene_Extensions;
			sourceTree = "<group>";
		};
		B5546E2A204B122300E3DC68 /* SoundManager */ = {
			isa = PBXGroup;
			children = (
				B5546E2B204B123B00E3DC68 /* BackgroundMusic */,
				B5546E26204B112300E3DC68 /* SoundHandler_BackgroundMusic.swift */,
				B5546E27204B112300E3DC68 /* SoundHandler.swift */,
			);
			path = SoundManager;
			sourceTree = "<group>";
		};
		B5546E2B204B123B00E3DC68 /* BackgroundMusic */ = {
			isa = PBXGroup;
			children = (
				B51FBC6B204B3ADE001BFFB4 /* Menu Ambience1.mp3 */,
				B5546E2C204B135400E3DC68 /* Dying Angel.wav */,
			);
			path = BackgroundMusic;
			sourceTree = "<group>";
		};
		B585016B1FFF1018009C2F65 = {
			isa = PBXGroup;
			children = (
				B58501761FFF1018009C2F65 /* ShapeFrontier2D */,
				B58501911FFF1018009C2F65 /* ShapeFrontier2DTests */,
				B585019C1FFF1018009C2F65 /* ShapeFrontier2DUITests */,
				B58501751FFF1018009C2F65 /* Products */,
				A893C8C2E565774D69D2CB05 /* Pods */,
				124E5B6409BB2497B70FDF7D /* Frameworks */,
			);
			sourceTree = "<group>";
		};
		B58501751FFF1018009C2F65 /* Products */ = {
			isa = PBXGroup;
			children = (
				B58501741FFF1018009C2F65 /* ShapeFrontier2D.app */,
				B585018E1FFF1018009C2F65 /* ShapeFrontier2DTests.xctest */,
				B58501991FFF1018009C2F65 /* ShapeFrontier2DUITests.xctest */,
			);
			name = Products;
			sourceTree = "<group>";
		};
		B58501761FFF1018009C2F65 /* ShapeFrontier2D */ = {
			isa = PBXGroup;
			children = (
				B58501771FFF1018009C2F65 /* AppDelegate.swift */,
				B585017F1FFF1018009C2F65 /* GameViewController.swift */,
				B585017D1FFF1018009C2F65 /* GameScene.swift */,
				B5321F3F2054AC7500C7580B /* GameScene_Extensions */,
				B58501AB1FFF1421009C2F65 /* Player */,
				B58501BA1FFF1CD1009C2F65 /* Entities */,
				B58501C81FFF4516009C2F65 /* Game Managers */,
				B58501811FFF1018009C2F65 /* Main.storyboard */,
				B58501861FFF1018009C2F65 /* LaunchScreen.storyboard */,
				B58501841FFF1018009C2F65 /* Assets.xcassets */,
				B58501891FFF1018009C2F65 /* Info.plist */,
			);
			path = ShapeFrontier2D;
			sourceTree = "<group>";
		};
		B58501911FFF1018009C2F65 /* ShapeFrontier2DTests */ = {
			isa = PBXGroup;
			children = (
				B58501921FFF1018009C2F65 /* ShapeFrontier2DTests.swift */,
				B58501941FFF1018009C2F65 /* Info.plist */,
			);
			path = ShapeFrontier2DTests;
			sourceTree = "<group>";
		};
		B585019C1FFF1018009C2F65 /* ShapeFrontier2DUITests */ = {
			isa = PBXGroup;
			children = (
				B585019D1FFF1018009C2F65 /* ShapeFrontier2DUITests.swift */,
				B585019F1FFF1018009C2F65 /* Info.plist */,
			);
			path = ShapeFrontier2DUITests;
			sourceTree = "<group>";
		};
		B58501AB1FFF1421009C2F65 /* Player */ = {
			isa = PBXGroup;
			children = (
				B58501B01FFF1440009C2F65 /* UIHandler.swift */,
				B58501AD1FFF1435009C2F65 /* PlayerHUD.swift */,
				B56DC727202F7476002F21E2 /* PlayerHUDExt_Decor.swift */,
				B58501AC1FFF1435009C2F65 /* PlayerHUDExt_Buttons.swift */,
				B5A0EC3B204285E90067A993 /* ResourceViewNode */,
				B51D8AF8203B7A9E000959B6 /* ConstructionVIewNode */,
				B51D8AF9203B7AC3000959B6 /* InfoViewNode */,
				B5A0EC3C204286050067A993 /* UI_Items */,
			);
			path = Player;
			sourceTree = "<group>";
		};
		B58501BA1FFF1CD1009C2F65 /* Entities */ = {
			isa = PBXGroup;
			children = (
				B51FBC71204B81F5001BFFB4 /* EntityManager.swift */,
				B51FBC77204B8395001BFFB4 /* Components */,
				B51FBC26204B2B35001BFFB4 /* Enemies */,
				B58501CB1FFF45FD009C2F65 /* Structures */,
				B58501C31FFF1D5E009C2F65 /* Asteroids */,
			);
			path = Entities;
			sourceTree = "<group>";
		};
		B58501C31FFF1D5E009C2F65 /* Asteroids */ = {
			isa = PBXGroup;
			children = (
				B58501C41FFF1DCF009C2F65 /* AsteroidManager.swift */,
				B58501B61FFF1C9A009C2F65 /* Asteroid.swift */,
				B58501BB1FFF1CE8009C2F65 /* AsteroidSmall.swift */,
				B58501D01FFF62E2009C2F65 /* AsteroidMedium.swift */,
				B58501BF1FFF1D05009C2F65 /* AsteroidBig.swift */,
			);
			path = Asteroids;
			sourceTree = "<group>";
		};
		B58501C81FFF4516009C2F65 /* Game Managers */ = {
			isa = PBXGroup;
			children = (
				B5546E2A204B122300E3DC68 /* SoundManager */,
				B58501DC1FFFD1FA009C2F65 /* TextureManager.swift */,
				B58501C91FFF453B009C2F65 /* UsefulFunctions.swift */,
			);
			path = "Game Managers";
			sourceTree = "<group>";
		};
		B58501CB1FFF45FD009C2F65 /* Structures */ = {
			isa = PBXGroup;
			children = (
				B51FBC7A204B89F3001BFFB4 /* StructureSizes.swift */,
				B58501CC1FFF4612009C2F65 /* Structure.swift */,
				B58501D21FFF6932009C2F65 /* Miner.swift */,
				B58501E4200049D9009C2F65 /* Suppliers */,
				B58501E5200049E4009C2F65 /* Turrets */,
			);
			path = Structures;
			sourceTree = "<group>";
		};
		B58501E4200049D9009C2F65 /* Suppliers */ = {
			isa = PBXGroup;
			children = (
				B58501E0200033FB009C2F65 /* Supplier.swift */,
				B58501CE1FFF4F6C009C2F65 /* Reactor.swift */,
				B58501D41FFF6CE0009C2F65 /* Node.swift */,
				B56DC729202FB37C002F21E2 /* Laser.swift */,
				B58501E22000397A009C2F65 /* PowerLine.swift */,
			);
			path = Suppliers;
			sourceTree = "<group>";
		};
		B58501E5200049E4009C2F65 /* Turrets */ = {
			isa = PBXGroup;
			children = (
				B58501DA1FFF7A5F009C2F65 /* Turret.swift */,
				B58501D61FFF79BD009C2F65 /* MissileCannon.swift */,
				B58501D81FFF7A44009C2F65 /* PulseLaser.swift */,
			);
			path = Turrets;
			sourceTree = "<group>";
		};
		B5A0EC3B204285E90067A993 /* ResourceViewNode */ = {
			isa = PBXGroup;
			children = (
				07C2CC4B1FFFEE6E0015EFD3 /* ResourceViewNode.swift */,
				07C2CC4D1FFFFEC60015EFD3 /* ResourceViewPower.swift */,
				07C2CC50200013C50015EFD3 /* ResourceViewMinerals.swift */,
			);
			path = ResourceViewNode;
			sourceTree = "<group>";
		};
		B5A0EC3C204286050067A993 /* UI_Items */ = {
			isa = PBXGroup;
			children = (
				B51D8AFD203B9E06000959B6 /* UI_Button.swift */,
				B51D8AFC203B9E05000959B6 /* UI_SliderButton.swift */,
			);
			path = UI_Items;
			sourceTree = "<group>";
		};
/* End PBXGroup section */

/* Begin PBXNativeTarget section */
		B58501731FFF1018009C2F65 /* ShapeFrontier2D */ = {
			isa = PBXNativeTarget;
			buildConfigurationList = B58501A21FFF1018009C2F65 /* Build configuration list for PBXNativeTarget "ShapeFrontier2D" */;
			buildPhases = (
				57EA66A2AB4E825F4EC9C4CA /* [CP] Check Pods Manifest.lock */,
				B58501701FFF1018009C2F65 /* Sources */,
				B58501711FFF1018009C2F65 /* Frameworks */,
				B58501721FFF1018009C2F65 /* Resources */,
				2779E50BD94EFFC7AD65A482 /* [CP] Embed Pods Frameworks */,
				411D3FEA30054524A4FF9AD0 /* [CP] Copy Pods Resources */,
			);
			buildRules = (
			);
			dependencies = (
			);
			name = ShapeFrontier2D;
			productName = ShapeFrontier2D;
			productReference = B58501741FFF1018009C2F65 /* ShapeFrontier2D.app */;
			productType = "com.apple.product-type.application";
		};
		B585018D1FFF1018009C2F65 /* ShapeFrontier2DTests */ = {
			isa = PBXNativeTarget;
			buildConfigurationList = B58501A51FFF1018009C2F65 /* Build configuration list for PBXNativeTarget "ShapeFrontier2DTests" */;
			buildPhases = (
				EA1D081E74B2719BCB0DF801 /* [CP] Check Pods Manifest.lock */,
				B585018A1FFF1018009C2F65 /* Sources */,
				B585018B1FFF1018009C2F65 /* Frameworks */,
				B585018C1FFF1018009C2F65 /* Resources */,
				9DEE6DB1051F97223A02260C /* [CP] Embed Pods Frameworks */,
				30E1F7CB553E072031EBE32B /* [CP] Copy Pods Resources */,
			);
			buildRules = (
			);
			dependencies = (
				B58501901FFF1018009C2F65 /* PBXTargetDependency */,
			);
			name = ShapeFrontier2DTests;
			productName = ShapeFrontier2DTests;
			productReference = B585018E1FFF1018009C2F65 /* ShapeFrontier2DTests.xctest */;
			productType = "com.apple.product-type.bundle.unit-test";
		};
		B58501981FFF1018009C2F65 /* ShapeFrontier2DUITests */ = {
			isa = PBXNativeTarget;
			buildConfigurationList = B58501A81FFF1018009C2F65 /* Build configuration list for PBXNativeTarget "ShapeFrontier2DUITests" */;
			buildPhases = (
				DB4C7F126AC137BFA6548EB9 /* [CP] Check Pods Manifest.lock */,
				B58501951FFF1018009C2F65 /* Sources */,
				B58501961FFF1018009C2F65 /* Frameworks */,
				B58501971FFF1018009C2F65 /* Resources */,
				E41D36ECE8BDB8EF66B8DB55 /* [CP] Embed Pods Frameworks */,
				FAEE9BD46644CC07EB9BC624 /* [CP] Copy Pods Resources */,
			);
			buildRules = (
			);
			dependencies = (
				B585019B1FFF1018009C2F65 /* PBXTargetDependency */,
			);
			name = ShapeFrontier2DUITests;
			productName = ShapeFrontier2DUITests;
			productReference = B58501991FFF1018009C2F65 /* ShapeFrontier2DUITests.xctest */;
			productType = "com.apple.product-type.bundle.ui-testing";
		};
/* End PBXNativeTarget section */

/* Begin PBXProject section */
		B585016C1FFF1018009C2F65 /* Project object */ = {
			isa = PBXProject;
			attributes = {
				LastSwiftUpdateCheck = 0920;
				LastUpgradeCheck = 0920;
				ORGANIZATIONNAME = "Sterling Long";
				TargetAttributes = {
					B58501731FFF1018009C2F65 = {
						CreatedOnToolsVersion = 9.2;
						ProvisioningStyle = Automatic;
					};
					B585018D1FFF1018009C2F65 = {
						CreatedOnToolsVersion = 9.2;
						ProvisioningStyle = Automatic;
						TestTargetID = B58501731FFF1018009C2F65;
					};
					B58501981FFF1018009C2F65 = {
						CreatedOnToolsVersion = 9.2;
						ProvisioningStyle = Automatic;
						TestTargetID = B58501731FFF1018009C2F65;
					};
				};
			};
			buildConfigurationList = B585016F1FFF1018009C2F65 /* Build configuration list for PBXProject "ShapeFrontier2D" */;
			compatibilityVersion = "Xcode 8.0";
			developmentRegion = en;
			hasScannedForEncodings = 0;
			knownRegions = (
				en,
				Base,
			);
			mainGroup = B585016B1FFF1018009C2F65;
			productRefGroup = B58501751FFF1018009C2F65 /* Products */;
			projectDirPath = "";
			projectRoot = "";
			targets = (
				B58501731FFF1018009C2F65 /* ShapeFrontier2D */,
				B585018D1FFF1018009C2F65 /* ShapeFrontier2DTests */,
				B58501981FFF1018009C2F65 /* ShapeFrontier2DUITests */,
			);
		};
/* End PBXProject section */

/* Begin PBXResourcesBuildPhase section */
		B58501721FFF1018009C2F65 /* Resources */ = {
			isa = PBXResourcesBuildPhase;
			buildActionMask = 2147483647;
			files = (
				B51FBC6C204B3ADE001BFFB4 /* Menu Ambience1.mp3 in Resources */,
				B58501831FFF1018009C2F65 /* Main.storyboard in Resources */,
				B5546E2D204B135400E3DC68 /* Dying Angel.wav in Resources */,
				B58501851FFF1018009C2F65 /* Assets.xcassets in Resources */,
				B58501881FFF1018009C2F65 /* LaunchScreen.storyboard in Resources */,
			);
			runOnlyForDeploymentPostprocessing = 0;
		};
		B585018C1FFF1018009C2F65 /* Resources */ = {
			isa = PBXResourcesBuildPhase;
			buildActionMask = 2147483647;
			files = (
			);
			runOnlyForDeploymentPostprocessing = 0;
		};
		B58501971FFF1018009C2F65 /* Resources */ = {
			isa = PBXResourcesBuildPhase;
			buildActionMask = 2147483647;
			files = (
			);
			runOnlyForDeploymentPostprocessing = 0;
		};
/* End PBXResourcesBuildPhase section */

/* Begin PBXShellScriptBuildPhase section */
		2779E50BD94EFFC7AD65A482 /* [CP] Embed Pods Frameworks */ = {
			isa = PBXShellScriptBuildPhase;
			buildActionMask = 2147483647;
			files = (
			);
			inputPaths = (
				"${SRCROOT}/Pods/Target Support Files/Pods-ShapeFrontier2D/Pods-ShapeFrontier2D-frameworks.sh",
				"${BUILT_PRODUCTS_DIR}/CollectionNode/CollectionNode.framework",
			);
			name = "[CP] Embed Pods Frameworks";
			outputPaths = (
				"${TARGET_BUILD_DIR}/${FRAMEWORKS_FOLDER_PATH}/CollectionNode.framework",
			);
			runOnlyForDeploymentPostprocessing = 0;
			shellPath = /bin/sh;
			shellScript = "\"${SRCROOT}/Pods/Target Support Files/Pods-ShapeFrontier2D/Pods-ShapeFrontier2D-frameworks.sh\"\n";
			showEnvVarsInLog = 0;
		};
		30E1F7CB553E072031EBE32B /* [CP] Copy Pods Resources */ = {
			isa = PBXShellScriptBuildPhase;
			buildActionMask = 2147483647;
			files = (
			);
			inputPaths = (
			);
			name = "[CP] Copy Pods Resources";
			outputPaths = (
			);
			runOnlyForDeploymentPostprocessing = 0;
			shellPath = /bin/sh;
			shellScript = "\"${SRCROOT}/Pods/Target Support Files/Pods-ShapeFrontier2DTests/Pods-ShapeFrontier2DTests-resources.sh\"\n";
			showEnvVarsInLog = 0;
		};
		411D3FEA30054524A4FF9AD0 /* [CP] Copy Pods Resources */ = {
			isa = PBXShellScriptBuildPhase;
			buildActionMask = 2147483647;
			files = (
			);
			inputPaths = (
			);
			name = "[CP] Copy Pods Resources";
			outputPaths = (
			);
			runOnlyForDeploymentPostprocessing = 0;
			shellPath = /bin/sh;
			shellScript = "\"${SRCROOT}/Pods/Target Support Files/Pods-ShapeFrontier2D/Pods-ShapeFrontier2D-resources.sh\"\n";
			showEnvVarsInLog = 0;
		};
		57EA66A2AB4E825F4EC9C4CA /* [CP] Check Pods Manifest.lock */ = {
			isa = PBXShellScriptBuildPhase;
			buildActionMask = 2147483647;
			files = (
			);
			inputPaths = (
				"${PODS_PODFILE_DIR_PATH}/Podfile.lock",
				"${PODS_ROOT}/Manifest.lock",
			);
			name = "[CP] Check Pods Manifest.lock";
			outputPaths = (
				"$(DERIVED_FILE_DIR)/Pods-ShapeFrontier2D-checkManifestLockResult.txt",
			);
			runOnlyForDeploymentPostprocessing = 0;
			shellPath = /bin/sh;
			shellScript = "diff \"${PODS_PODFILE_DIR_PATH}/Podfile.lock\" \"${PODS_ROOT}/Manifest.lock\" > /dev/null\nif [ $? != 0 ] ; then\n    # print error to STDERR\n    echo \"error: The sandbox is not in sync with the Podfile.lock. Run 'pod install' or update your CocoaPods installation.\" >&2\n    exit 1\nfi\n# This output is used by Xcode 'outputs' to avoid re-running this script phase.\necho \"SUCCESS\" > \"${SCRIPT_OUTPUT_FILE_0}\"\n";
			showEnvVarsInLog = 0;
		};
		9DEE6DB1051F97223A02260C /* [CP] Embed Pods Frameworks */ = {
			isa = PBXShellScriptBuildPhase;
			buildActionMask = 2147483647;
			files = (
			);
			inputPaths = (
			);
			name = "[CP] Embed Pods Frameworks";
			outputPaths = (
			);
			runOnlyForDeploymentPostprocessing = 0;
			shellPath = /bin/sh;
			shellScript = "\"${SRCROOT}/Pods/Target Support Files/Pods-ShapeFrontier2DTests/Pods-ShapeFrontier2DTests-frameworks.sh\"\n";
			showEnvVarsInLog = 0;
		};
		DB4C7F126AC137BFA6548EB9 /* [CP] Check Pods Manifest.lock */ = {
			isa = PBXShellScriptBuildPhase;
			buildActionMask = 2147483647;
			files = (
			);
			inputPaths = (
				"${PODS_PODFILE_DIR_PATH}/Podfile.lock",
				"${PODS_ROOT}/Manifest.lock",
			);
			name = "[CP] Check Pods Manifest.lock";
			outputPaths = (
				"$(DERIVED_FILE_DIR)/Pods-ShapeFrontier2DUITests-checkManifestLockResult.txt",
			);
			runOnlyForDeploymentPostprocessing = 0;
			shellPath = /bin/sh;
			shellScript = "diff \"${PODS_PODFILE_DIR_PATH}/Podfile.lock\" \"${PODS_ROOT}/Manifest.lock\" > /dev/null\nif [ $? != 0 ] ; then\n    # print error to STDERR\n    echo \"error: The sandbox is not in sync with the Podfile.lock. Run 'pod install' or update your CocoaPods installation.\" >&2\n    exit 1\nfi\n# This output is used by Xcode 'outputs' to avoid re-running this script phase.\necho \"SUCCESS\" > \"${SCRIPT_OUTPUT_FILE_0}\"\n";
			showEnvVarsInLog = 0;
		};
		E41D36ECE8BDB8EF66B8DB55 /* [CP] Embed Pods Frameworks */ = {
			isa = PBXShellScriptBuildPhase;
			buildActionMask = 2147483647;
			files = (
			);
			inputPaths = (
			);
			name = "[CP] Embed Pods Frameworks";
			outputPaths = (
			);
			runOnlyForDeploymentPostprocessing = 0;
			shellPath = /bin/sh;
			shellScript = "\"${SRCROOT}/Pods/Target Support Files/Pods-ShapeFrontier2DUITests/Pods-ShapeFrontier2DUITests-frameworks.sh\"\n";
			showEnvVarsInLog = 0;
		};
		EA1D081E74B2719BCB0DF801 /* [CP] Check Pods Manifest.lock */ = {
			isa = PBXShellScriptBuildPhase;
			buildActionMask = 2147483647;
			files = (
			);
			inputPaths = (
				"${PODS_PODFILE_DIR_PATH}/Podfile.lock",
				"${PODS_ROOT}/Manifest.lock",
			);
			name = "[CP] Check Pods Manifest.lock";
			outputPaths = (
				"$(DERIVED_FILE_DIR)/Pods-ShapeFrontier2DTests-checkManifestLockResult.txt",
			);
			runOnlyForDeploymentPostprocessing = 0;
			shellPath = /bin/sh;
			shellScript = "diff \"${PODS_PODFILE_DIR_PATH}/Podfile.lock\" \"${PODS_ROOT}/Manifest.lock\" > /dev/null\nif [ $? != 0 ] ; then\n    # print error to STDERR\n    echo \"error: The sandbox is not in sync with the Podfile.lock. Run 'pod install' or update your CocoaPods installation.\" >&2\n    exit 1\nfi\n# This output is used by Xcode 'outputs' to avoid re-running this script phase.\necho \"SUCCESS\" > \"${SCRIPT_OUTPUT_FILE_0}\"\n";
			showEnvVarsInLog = 0;
		};
		FAEE9BD46644CC07EB9BC624 /* [CP] Copy Pods Resources */ = {
			isa = PBXShellScriptBuildPhase;
			buildActionMask = 2147483647;
			files = (
			);
			inputPaths = (
			);
			name = "[CP] Copy Pods Resources";
			outputPaths = (
			);
			runOnlyForDeploymentPostprocessing = 0;
			shellPath = /bin/sh;
			shellScript = "\"${SRCROOT}/Pods/Target Support Files/Pods-ShapeFrontier2DUITests/Pods-ShapeFrontier2DUITests-resources.sh\"\n";
			showEnvVarsInLog = 0;
		};
/* End PBXShellScriptBuildPhase section */

/* Begin PBXSourcesBuildPhase section */
		B58501701FFF1018009C2F65 /* Sources */ = {
			isa = PBXSourcesBuildPhase;
			buildActionMask = 2147483647;
			files = (
				B51FBC6A204B30F4001BFFB4 /* GenericEnemy.swift in Sources */,
				B5321F412054AC8800C7580B /* GameScene_Construction.swift in Sources */,
				07D9DE031FFF621300D973BA /* ConstructionItem.swift in Sources */,
				B58501CD1FFF4612009C2F65 /* Structure.swift in Sources */,
				B5F900E92054FEF5004705F8 /* ObstructionComponent.swift in Sources */,
				B585017E1FFF1018009C2F65 /* GameScene.swift in Sources */,
				B58501DB1FFF7A5F009C2F65 /* Turret.swift in Sources */,
				B58501D51FFF6CE0009C2F65 /* Node.swift in Sources */,
				B51FBC74204B824C001BFFB4 /* MoveComponent.swift in Sources */,
				B58501DD1FFFD1FA009C2F65 /* TextureManager.swift in Sources */,
				B56DC728202F7476002F21E2 /* PlayerHUDExt_Decor.swift in Sources */,
				B58501CF1FFF4F6C009C2F65 /* Reactor.swift in Sources */,
				B51FBC7B204B89F3001BFFB4 /* StructureSizes.swift in Sources */,
				07C2CC51200013C50015EFD3 /* ResourceViewMinerals.swift in Sources */,
				B51FBC28204B2B46001BFFB4 /* EnemyManager.swift in Sources */,
				B58501CA1FFF453B009C2F65 /* UsefulFunctions.swift in Sources */,
				B51FBC70204B7D00001BFFB4 /* SpriteComponent.swift in Sources */,
				B58501801FFF1018009C2F65 /* GameViewController.swift in Sources */,
				B58501E1200033FB009C2F65 /* Supplier.swift in Sources */,
				B51D8AFE203B9E06000959B6 /* UI_SliderButton.swift in Sources */,
				B5546E29204B112300E3DC68 /* SoundHandler.swift in Sources */,
				B51FBC79204B8597001BFFB4 /* TeamComponent.swift in Sources */,
				B56DC72A202FB37C002F21E2 /* Laser.swift in Sources */,
				B58501BC1FFF1CE8009C2F65 /* AsteroidSmall.swift in Sources */,
				B58501DF1FFFE7A0009C2F65 /* ConstructionViewNode.swift in Sources */,
				B5321F472054B02D00C7580B /* PlayerComponent.swift in Sources */,
				B58501B11FFF1440009C2F65 /* UIHandler.swift in Sources */,
				B5546E28204B112300E3DC68 /* SoundHandler_BackgroundMusic.swift in Sources */,
				B58501E32000397A009C2F65 /* PowerLine.swift in Sources */,
				B58501D71FFF79BD009C2F65 /* MissileCannon.swift in Sources */,
				B51D8AFF203B9E06000959B6 /* UI_Button.swift in Sources */,
				B58501D91FFF7A44009C2F65 /* PulseLaser.swift in Sources */,
				B58501D31FFF6932009C2F65 /* Miner.swift in Sources */,
				B51D8AFB203B7DEA000959B6 /* InfoViewNode.swift in Sources */,
				B51FBC82204BB87A001BFFB4 /* MoveBehavior.swift in Sources */,
				B51FBC72204B81F5001BFFB4 /* EntityManager.swift in Sources */,
				B58501B71FFF1C9A009C2F65 /* Asteroid.swift in Sources */,
				B58501AF1FFF1435009C2F65 /* PlayerHUD.swift in Sources */,
				07C2CC4E1FFFFEC60015EFD3 /* ResourceViewPower.swift in Sources */,
				B5321F452054ADA000C7580B /* GameScene_Structs.swift in Sources */,
				B58501781FFF1018009C2F65 /* AppDelegate.swift in Sources */,
				B58501C51FFF1DCF009C2F65 /* AsteroidManager.swift in Sources */,
				B58501D11FFF62E2009C2F65 /* AsteroidMedium.swift in Sources */,
				B58501AE1FFF1435009C2F65 /* PlayerHUDExt_Buttons.swift in Sources */,
				07C2CC4C1FFFEE6E0015EFD3 /* ResourceViewNode.swift in Sources */,
				B58501C01FFF1D05009C2F65 /* AsteroidBig.swift in Sources */,
				B51FBC76204B838F001BFFB4 /* HealthComponent.swift in Sources */,
				B5321F432054AC9700C7580B /* GameScene_Power.swift in Sources */,
			);
			runOnlyForDeploymentPostprocessing = 0;
		};
		B585018A1FFF1018009C2F65 /* Sources */ = {
			isa = PBXSourcesBuildPhase;
			buildActionMask = 2147483647;
			files = (
				B58501B81FFF1C9A009C2F65 /* Asteroid.swift in Sources */,
				B58501C61FFF1DCF009C2F65 /* AsteroidManager.swift in Sources */,
				B58501BD1FFF1CE8009C2F65 /* AsteroidSmall.swift in Sources */,
				B58501931FFF1018009C2F65 /* ShapeFrontier2DTests.swift in Sources */,
				B58501C11FFF1D05009C2F65 /* AsteroidBig.swift in Sources */,
			);
			runOnlyForDeploymentPostprocessing = 0;
		};
		B58501951FFF1018009C2F65 /* Sources */ = {
			isa = PBXSourcesBuildPhase;
			buildActionMask = 2147483647;
			files = (
				B58501B91FFF1C9A009C2F65 /* Asteroid.swift in Sources */,
				B58501C71FFF1DCF009C2F65 /* AsteroidManager.swift in Sources */,
				B58501BE1FFF1CE8009C2F65 /* AsteroidSmall.swift in Sources */,
				B585019E1FFF1018009C2F65 /* ShapeFrontier2DUITests.swift in Sources */,
				B58501C21FFF1D05009C2F65 /* AsteroidBig.swift in Sources */,
			);
			runOnlyForDeploymentPostprocessing = 0;
		};
/* End PBXSourcesBuildPhase section */

/* Begin PBXTargetDependency section */
		B58501901FFF1018009C2F65 /* PBXTargetDependency */ = {
			isa = PBXTargetDependency;
			target = B58501731FFF1018009C2F65 /* ShapeFrontier2D */;
			targetProxy = B585018F1FFF1018009C2F65 /* PBXContainerItemProxy */;
		};
		B585019B1FFF1018009C2F65 /* PBXTargetDependency */ = {
			isa = PBXTargetDependency;
			target = B58501731FFF1018009C2F65 /* ShapeFrontier2D */;
			targetProxy = B585019A1FFF1018009C2F65 /* PBXContainerItemProxy */;
		};
/* End PBXTargetDependency section */

/* Begin PBXVariantGroup section */
		B58501811FFF1018009C2F65 /* Main.storyboard */ = {
			isa = PBXVariantGroup;
			children = (
				B58501821FFF1018009C2F65 /* Base */,
			);
			name = Main.storyboard;
			sourceTree = "<group>";
		};
		B58501861FFF1018009C2F65 /* LaunchScreen.storyboard */ = {
			isa = PBXVariantGroup;
			children = (
				B58501871FFF1018009C2F65 /* Base */,
			);
			name = LaunchScreen.storyboard;
			sourceTree = "<group>";
		};
/* End PBXVariantGroup section */

/* Begin XCBuildConfiguration section */
		B58501A01FFF1018009C2F65 /* Debug */ = {
			isa = XCBuildConfiguration;
			buildSettings = {
				ALWAYS_SEARCH_USER_PATHS = NO;
				CLANG_ANALYZER_NONNULL = YES;
				CLANG_ANALYZER_NUMBER_OBJECT_CONVERSION = YES_AGGRESSIVE;
				CLANG_CXX_LANGUAGE_STANDARD = "gnu++14";
				CLANG_CXX_LIBRARY = "libc++";
				CLANG_ENABLE_MODULES = YES;
				CLANG_ENABLE_OBJC_ARC = YES;
				CLANG_WARN_BLOCK_CAPTURE_AUTORELEASING = YES;
				CLANG_WARN_BOOL_CONVERSION = YES;
				CLANG_WARN_COMMA = YES;
				CLANG_WARN_CONSTANT_CONVERSION = YES;
				CLANG_WARN_DIRECT_OBJC_ISA_USAGE = YES_ERROR;
				CLANG_WARN_DOCUMENTATION_COMMENTS = YES;
				CLANG_WARN_EMPTY_BODY = YES;
				CLANG_WARN_ENUM_CONVERSION = YES;
				CLANG_WARN_INFINITE_RECURSION = YES;
				CLANG_WARN_INT_CONVERSION = YES;
				CLANG_WARN_NON_LITERAL_NULL_CONVERSION = YES;
				CLANG_WARN_OBJC_LITERAL_CONVERSION = YES;
				CLANG_WARN_OBJC_ROOT_CLASS = YES_ERROR;
				CLANG_WARN_RANGE_LOOP_ANALYSIS = YES;
				CLANG_WARN_STRICT_PROTOTYPES = YES;
				CLANG_WARN_SUSPICIOUS_MOVE = YES;
				CLANG_WARN_UNGUARDED_AVAILABILITY = YES_AGGRESSIVE;
				CLANG_WARN_UNREACHABLE_CODE = YES;
				CLANG_WARN__DUPLICATE_METHOD_MATCH = YES;
				CODE_SIGN_IDENTITY = "iPhone Developer";
				COPY_PHASE_STRIP = NO;
				DEBUG_INFORMATION_FORMAT = dwarf;
				ENABLE_STRICT_OBJC_MSGSEND = YES;
				ENABLE_TESTABILITY = YES;
				GCC_C_LANGUAGE_STANDARD = gnu11;
				GCC_DYNAMIC_NO_PIC = NO;
				GCC_NO_COMMON_BLOCKS = YES;
				GCC_OPTIMIZATION_LEVEL = 0;
				GCC_PREPROCESSOR_DEFINITIONS = (
					"DEBUG=1",
					"$(inherited)",
				);
				GCC_WARN_64_TO_32_BIT_CONVERSION = YES;
				GCC_WARN_ABOUT_RETURN_TYPE = YES_ERROR;
				GCC_WARN_UNDECLARED_SELECTOR = YES;
				GCC_WARN_UNINITIALIZED_AUTOS = YES_AGGRESSIVE;
				GCC_WARN_UNUSED_FUNCTION = YES;
				GCC_WARN_UNUSED_VARIABLE = YES;
				IPHONEOS_DEPLOYMENT_TARGET = 11.2;
				MTL_ENABLE_DEBUG_INFO = YES;
				ONLY_ACTIVE_ARCH = YES;
				SDKROOT = iphoneos;
				SWIFT_ACTIVE_COMPILATION_CONDITIONS = DEBUG;
				SWIFT_OPTIMIZATION_LEVEL = "-Onone";
			};
			name = Debug;
		};
		B58501A11FFF1018009C2F65 /* Release */ = {
			isa = XCBuildConfiguration;
			buildSettings = {
				ALWAYS_SEARCH_USER_PATHS = NO;
				CLANG_ANALYZER_NONNULL = YES;
				CLANG_ANALYZER_NUMBER_OBJECT_CONVERSION = YES_AGGRESSIVE;
				CLANG_CXX_LANGUAGE_STANDARD = "gnu++14";
				CLANG_CXX_LIBRARY = "libc++";
				CLANG_ENABLE_MODULES = YES;
				CLANG_ENABLE_OBJC_ARC = YES;
				CLANG_WARN_BLOCK_CAPTURE_AUTORELEASING = YES;
				CLANG_WARN_BOOL_CONVERSION = YES;
				CLANG_WARN_COMMA = YES;
				CLANG_WARN_CONSTANT_CONVERSION = YES;
				CLANG_WARN_DIRECT_OBJC_ISA_USAGE = YES_ERROR;
				CLANG_WARN_DOCUMENTATION_COMMENTS = YES;
				CLANG_WARN_EMPTY_BODY = YES;
				CLANG_WARN_ENUM_CONVERSION = YES;
				CLANG_WARN_INFINITE_RECURSION = YES;
				CLANG_WARN_INT_CONVERSION = YES;
				CLANG_WARN_NON_LITERAL_NULL_CONVERSION = YES;
				CLANG_WARN_OBJC_LITERAL_CONVERSION = YES;
				CLANG_WARN_OBJC_ROOT_CLASS = YES_ERROR;
				CLANG_WARN_RANGE_LOOP_ANALYSIS = YES;
				CLANG_WARN_STRICT_PROTOTYPES = YES;
				CLANG_WARN_SUSPICIOUS_MOVE = YES;
				CLANG_WARN_UNGUARDED_AVAILABILITY = YES_AGGRESSIVE;
				CLANG_WARN_UNREACHABLE_CODE = YES;
				CLANG_WARN__DUPLICATE_METHOD_MATCH = YES;
				CODE_SIGN_IDENTITY = "iPhone Developer";
				COPY_PHASE_STRIP = NO;
				DEBUG_INFORMATION_FORMAT = "dwarf-with-dsym";
				ENABLE_NS_ASSERTIONS = NO;
				ENABLE_STRICT_OBJC_MSGSEND = YES;
				GCC_C_LANGUAGE_STANDARD = gnu11;
				GCC_NO_COMMON_BLOCKS = YES;
				GCC_WARN_64_TO_32_BIT_CONVERSION = YES;
				GCC_WARN_ABOUT_RETURN_TYPE = YES_ERROR;
				GCC_WARN_UNDECLARED_SELECTOR = YES;
				GCC_WARN_UNINITIALIZED_AUTOS = YES_AGGRESSIVE;
				GCC_WARN_UNUSED_FUNCTION = YES;
				GCC_WARN_UNUSED_VARIABLE = YES;
				IPHONEOS_DEPLOYMENT_TARGET = 11.2;
				MTL_ENABLE_DEBUG_INFO = NO;
				SDKROOT = iphoneos;
				SWIFT_OPTIMIZATION_LEVEL = "-Owholemodule";
				VALIDATE_PRODUCT = YES;
			};
			name = Release;
		};
		B58501A31FFF1018009C2F65 /* Debug */ = {
			isa = XCBuildConfiguration;
			baseConfigurationReference = CA5A2AECA7A7BA6BA00E1F16 /* Pods-ShapeFrontier2D.debug.xcconfig */;
			buildSettings = {
				ASSETCATALOG_COMPILER_APPICON_NAME = AppIcon;
				CODE_SIGN_STYLE = Automatic;
				DEVELOPMENT_TEAM = 74874V9Z5H;
				INFOPLIST_FILE = ShapeFrontier2D/Info.plist;
				IPHONEOS_DEPLOYMENT_TARGET = 11.0;
				LD_RUNPATH_SEARCH_PATHS = "$(inherited) @executable_path/Frameworks";
				PRODUCT_BUNDLE_IDENTIFIER = io.lztek.ShapeFrontier2D;
				PRODUCT_NAME = "$(TARGET_NAME)";
				SWIFT_VERSION = 4.0;
				TARGETED_DEVICE_FAMILY = "1,2";
			};
			name = Debug;
		};
		B58501A41FFF1018009C2F65 /* Release */ = {
			isa = XCBuildConfiguration;
			baseConfigurationReference = 8574490085407833AE3396D8 /* Pods-ShapeFrontier2D.release.xcconfig */;
			buildSettings = {
				ASSETCATALOG_COMPILER_APPICON_NAME = AppIcon;
				CODE_SIGN_STYLE = Automatic;
				DEVELOPMENT_TEAM = 74874V9Z5H;
				INFOPLIST_FILE = ShapeFrontier2D/Info.plist;
				IPHONEOS_DEPLOYMENT_TARGET = 11.0;
				LD_RUNPATH_SEARCH_PATHS = "$(inherited) @executable_path/Frameworks";
				PRODUCT_BUNDLE_IDENTIFIER = io.lztek.ShapeFrontier2D;
				PRODUCT_NAME = "$(TARGET_NAME)";
				SWIFT_VERSION = 4.0;
				TARGETED_DEVICE_FAMILY = "1,2";
			};
			name = Release;
		};
		B58501A61FFF1018009C2F65 /* Debug */ = {
			isa = XCBuildConfiguration;
			baseConfigurationReference = FE1F563E7BE2189287ECCB76 /* Pods-ShapeFrontier2DTests.debug.xcconfig */;
			buildSettings = {
				ALWAYS_EMBED_SWIFT_STANDARD_LIBRARIES = YES;
				BUNDLE_LOADER = "$(TEST_HOST)";
				CODE_SIGN_STYLE = Automatic;
				DEVELOPMENT_TEAM = 74874V9Z5H;
				INFOPLIST_FILE = ShapeFrontier2DTests/Info.plist;
				LD_RUNPATH_SEARCH_PATHS = "$(inherited) @executable_path/Frameworks @loader_path/Frameworks";
				PRODUCT_BUNDLE_IDENTIFIER = io.lztek.ShapeFrontier2DTests;
				PRODUCT_NAME = "$(TARGET_NAME)";
				SWIFT_VERSION = 4.0;
				TARGETED_DEVICE_FAMILY = "1,2";
				TEST_HOST = "$(BUILT_PRODUCTS_DIR)/ShapeFrontier2D.app/ShapeFrontier2D";
			};
			name = Debug;
		};
		B58501A71FFF1018009C2F65 /* Release */ = {
			isa = XCBuildConfiguration;
			baseConfigurationReference = 35F15813B3CD4E6D834DF659 /* Pods-ShapeFrontier2DTests.release.xcconfig */;
			buildSettings = {
				ALWAYS_EMBED_SWIFT_STANDARD_LIBRARIES = YES;
				BUNDLE_LOADER = "$(TEST_HOST)";
				CODE_SIGN_STYLE = Automatic;
				DEVELOPMENT_TEAM = 74874V9Z5H;
				INFOPLIST_FILE = ShapeFrontier2DTests/Info.plist;
				LD_RUNPATH_SEARCH_PATHS = "$(inherited) @executable_path/Frameworks @loader_path/Frameworks";
				PRODUCT_BUNDLE_IDENTIFIER = io.lztek.ShapeFrontier2DTests;
				PRODUCT_NAME = "$(TARGET_NAME)";
				SWIFT_VERSION = 4.0;
				TARGETED_DEVICE_FAMILY = "1,2";
				TEST_HOST = "$(BUILT_PRODUCTS_DIR)/ShapeFrontier2D.app/ShapeFrontier2D";
			};
			name = Release;
		};
		B58501A91FFF1018009C2F65 /* Debug */ = {
			isa = XCBuildConfiguration;
			baseConfigurationReference = 7E51DAEF21EC438F1B90F833 /* Pods-ShapeFrontier2DUITests.debug.xcconfig */;
			buildSettings = {
				ALWAYS_EMBED_SWIFT_STANDARD_LIBRARIES = YES;
				CODE_SIGN_STYLE = Automatic;
				DEVELOPMENT_TEAM = 74874V9Z5H;
				INFOPLIST_FILE = ShapeFrontier2DUITests/Info.plist;
				LD_RUNPATH_SEARCH_PATHS = "$(inherited) @executable_path/Frameworks @loader_path/Frameworks";
				PRODUCT_BUNDLE_IDENTIFIER = io.lztek.ShapeFrontier2DUITests;
				PRODUCT_NAME = "$(TARGET_NAME)";
				SWIFT_VERSION = 4.0;
				TARGETED_DEVICE_FAMILY = "1,2";
				TEST_TARGET_NAME = ShapeFrontier2D;
			};
			name = Debug;
		};
		B58501AA1FFF1018009C2F65 /* Release */ = {
			isa = XCBuildConfiguration;
			baseConfigurationReference = 740EF0DF7A3B0E10EADB72B0 /* Pods-ShapeFrontier2DUITests.release.xcconfig */;
			buildSettings = {
				ALWAYS_EMBED_SWIFT_STANDARD_LIBRARIES = YES;
				CODE_SIGN_STYLE = Automatic;
				DEVELOPMENT_TEAM = 74874V9Z5H;
				INFOPLIST_FILE = ShapeFrontier2DUITests/Info.plist;
				LD_RUNPATH_SEARCH_PATHS = "$(inherited) @executable_path/Frameworks @loader_path/Frameworks";
				PRODUCT_BUNDLE_IDENTIFIER = io.lztek.ShapeFrontier2DUITests;
				PRODUCT_NAME = "$(TARGET_NAME)";
				SWIFT_VERSION = 4.0;
				TARGETED_DEVICE_FAMILY = "1,2";
				TEST_TARGET_NAME = ShapeFrontier2D;
			};
			name = Release;
		};
/* End XCBuildConfiguration section */

/* Begin XCConfigurationList section */
		B585016F1FFF1018009C2F65 /* Build configuration list for PBXProject "ShapeFrontier2D" */ = {
			isa = XCConfigurationList;
			buildConfigurations = (
				B58501A01FFF1018009C2F65 /* Debug */,
				B58501A11FFF1018009C2F65 /* Release */,
			);
			defaultConfigurationIsVisible = 0;
			defaultConfigurationName = Release;
		};
		B58501A21FFF1018009C2F65 /* Build configuration list for PBXNativeTarget "ShapeFrontier2D" */ = {
			isa = XCConfigurationList;
			buildConfigurations = (
				B58501A31FFF1018009C2F65 /* Debug */,
				B58501A41FFF1018009C2F65 /* Release */,
			);
			defaultConfigurationIsVisible = 0;
			defaultConfigurationName = Release;
		};
		B58501A51FFF1018009C2F65 /* Build configuration list for PBXNativeTarget "ShapeFrontier2DTests" */ = {
			isa = XCConfigurationList;
			buildConfigurations = (
				B58501A61FFF1018009C2F65 /* Debug */,
				B58501A71FFF1018009C2F65 /* Release */,
			);
			defaultConfigurationIsVisible = 0;
			defaultConfigurationName = Release;
		};
		B58501A81FFF1018009C2F65 /* Build configuration list for PBXNativeTarget "ShapeFrontier2DUITests" */ = {
			isa = XCConfigurationList;
			buildConfigurations = (
				B58501A91FFF1018009C2F65 /* Debug */,
				B58501AA1FFF1018009C2F65 /* Release */,
			);
			defaultConfigurationIsVisible = 0;
			defaultConfigurationName = Release;
		};
/* End XCConfigurationList section */
	};
	rootObject = B585016C1FFF1018009C2F65 /* Project object */;
}
